{
  "lockfile_version": "1",
  "packages": {
    "adrs@0.7.2": {
      "last_modified": "2026-03-01T09:58:01Z",
      "resolved": "github:NixOS/nixpkgs/42bbf3e1e000963f4f3f37daa822c67c4d8856c4#adrs",
      "source": "devbox-search",
      "version": "0.7.2",
      "systems": {
        "aarch64-darwin": {
          "outputs": [
            {
              "name": "out",
              "path": "/nix/store/61q4dazzliln3py2qkr6qm6h3l9d9j4g-adrs-0.7.2",
              "default": true
            }
          ],
          "store_path": "/nix/store/61q4dazzliln3py2qkr6qm6h3l9d9j4g-adrs-0.7.2"
        },
        "aarch64-linux": {
          "outputs": [
            {
              "name": "out",
              "path": "/nix/store/pw0mvdsmmi8jrq3f0wxjm89pbnp75hq1-adrs-0.7.2",
              "default": true
            }
          ],
          "store_path": "/nix/store/pw0mvdsmmi8jrq3f0wxjm89pbnp75hq1-adrs-0.7.2"
        },
        "x86_64-darwin": {
          "outputs": [
            {
              "name": "out",
              "path": "/nix/store/vnf1lc5gmj56lgrxa9481wxs2lq7scjy-adrs-0.7.2",
              "default": true
            }
          ],
          "store_path": "/nix/store/vnf1lc5gmj56lgrxa9481wxs2lq7scjy-adrs-0.7.2"
        },
        "x86_64-linux": {
          "outputs": [
            {
              "name": "out",
              "path": "/nix/store/zi0rfrrlc59zrf1m6xfsk5y16s4mz1ai-adrs-0.7.2",
              "default": true
            }
          ],
          "store_path": "/nix/store/zi0rfrrlc59zrf1m6xfsk5y16s4mz1ai-adrs-0.7.2"
        }
      }
    },
    "git@2.53.0": {
      "last_modified": "2026-02-24T00:13:24Z",
      "resolved": "github:NixOS/nixpkgs/5e4522be6bdf1600682a6f383434b057b2d77a37#git",
      "source": "devbox-search",
      "version": "2.53.0",
      "systems": {
        "aarch64-darwin": {
          "outputs": [
            {
              "name": "out",
              "path": "/nix/store/rfbzyqcygzpyh5ncb79n07x8bhws2pq3-git-2.53.0",
              "default": true
            },
            {
              "name": "doc",
              "path": "/nix/store/lgbyzfz2j1j7g47331i5684765akl38m-git-2.53.0-doc"
            }
          ],
          "store_path": "/nix/store/rfbzyqcygzpyh5ncb79n07x8bhws2pq3-git-2.53.0"
        },
        "aarch64-linux": {
          "outputs": [
            {
              "name": "out",
              "path": "/nix/store/xz8bzpl5fz92bkhcdmf4g45znvvzcakd-git-2.53.0",
              "default": true
            },
            {
              "name": "debug",
              "path": "/nix/store/xr7sgggqixdji66nhax03lwmk25ms7af-git-2.53.0-debug"
            },
            {
              "name": "doc",
              "path": "/nix/store/lspm2ph3iad5y9irmh2wms6bm3nhhy76-git-2.53.0-doc"
            }
          ],
          "store_path": "/nix/store/xz8bzpl5fz92bkhcdmf4g45znvvzcakd-git-2.53.0"
        },
        "x86_64-darwin": {
          "outputs": [
            {
              "name": "out",
              "path": "/nix/store/bmddbpv896f9rgnm0835434qjiqh1psc-git-2.53.0",
              "default": true
            },
            {
              "name": "doc",
              "path": "/nix/store/0wx1wdjy7imyv7cp6p6m2l17ycq7n3q4-git-2.53.0-doc"
            }
          ],
          "store_path": "/nix/store/bmddbpv896f9rgnm0835434qjiqh1psc-git-2.53.0"
        },
        "x86_64-linux": {
          "outputs": [
            {
              "name": "out",
              "path": "/nix/store/8x49w8i0vafv34rlc6h4a0f7z0z2qpb5-git-2.53.0",
              "default": true
            },
            {
              "name": "debug",
              "path": "/nix/store/i9fi7yqx2z2dryn80w5pr4b1v4nmyida-git-2.53.0-debug"
            },
            {
              "name": "doc",
              "path": "/nix/store/frqc9w8q0dxsg7b8w3j0cv1lb9bd6xww-git-2.53.0-doc"
            }
          ],
          "store_path": "/nix/store/8x49w8i0vafv34rlc6h4a0f7z0z2qpb5-git-2.53.0"
        }
      }
    },
    "github:NixOS/nixpkgs/nixpkgs-unstable": {
      "last_modified": "2025-11-07T02:32:13Z",
      "resolved": "github:NixOS/nixpkgs/e1ebeec86b771e9d387dd02d82ffdc77ac753abc?lastModified=1762482733&narHash=sha256-g%2Fda4FzvckvbiZT075Sb1%2FYDNDr%2BtGQgh4N8i5ceYMg%3D"
    },
    "netlify-cli@23.15.0": {
      "last_modified": "2026-02-06T12:24:04Z",
      "resolved": "github:NixOS/nixpkgs/ae67888ff7ef9dff69b3cf0cc0fbfbcd3a722abe#netlify-cli",
      "source": "devbox-search",
      "version": "23.15.0",
      "systems": {
        "aarch64-darwin": {
          "outputs": [
            {
              "name": "out",
              "path": "/nix/store/qy7gchjrbmzaijib2n2fa6alxksz83w1-netlify-cli-23.15.0",
              "default": true
            }
          ],
          "store_path": "/nix/store/qy7gchjrbmzaijib2n2fa6alxksz83w1-netlify-cli-23.15.0"
        },
        "aarch64-linux": {
          "outputs": [
            {
              "name": "out",
              "path": "/nix/store/a4n0fqar1i58sl2mf7b88mn5fpnf6ls7-netlify-cli-23.15.0",
              "default": true
            }
          ],
          "store_path": "/nix/store/a4n0fqar1i58sl2mf7b88mn5fpnf6ls7-netlify-cli-23.15.0"
        },
        "x86_64-darwin": {
          "outputs": [
            {
              "name": "out",
              "path": "/nix/store/qcvnw9770sw42cdmc8ks78p90l74q8jp-netlify-cli-23.15.0",
              "default": true
            }
          ],
          "store_path": "/nix/store/qcvnw9770sw42cdmc8ks78p90l74q8jp-netlify-cli-23.15.0"
        },
        "x86_64-linux": {
          "outputs": [
            {
              "name": "out",
              "path": "/nix/store/ms19qyr6bgk12d9ywsrp7naynghad58n-netlify-cli-23.15.0",
              "default": true
            }
          ],
          "store_path": "/nix/store/ms19qyr6bgk12d9ywsrp7naynghad58n-netlify-cli-23.15.0"
        }
      }
    },
    "nodejs@25.8.0": {
      "last_modified": "2026-03-04T00:49:39Z",
      "plugin_version": "0.0.2",
      "resolved": "github:NixOS/nixpkgs/0fd2db475afdde93c9e4b1625aafb8eb41b99807#nodejs_25",
      "source": "devbox-search",
      "version": "25.8.0",
      "systems": {
        "aarch64-darwin": {
          "outputs": [
            {
              "name": "out",
              "path": "/nix/store/dx0ak4wpn91a5ps032xlgzjblz2arynh-nodejs-25.8.0",
              "default": true
            }
          ],
          "store_path": "/nix/store/dx0ak4wpn91a5ps032xlgzjblz2arynh-nodejs-25.8.0"
        },
        "aarch64-linux": {
          "outputs": [
            {
              "name": "out",
              "path": "/nix/store/ab3p2f0hz6hn0ksrcg2sxd3hff9qba6q-nodejs-25.8.0",
              "default": true
            }
          ],
          "store_path": "/nix/store/ab3p2f0hz6hn0ksrcg2sxd3hff9qba6q-nodejs-25.8.0"
        },
        "x86_64-darwin": {
          "outputs": [
            {
              "name": "out",
              "path": "/nix/store/szjxi7dmi65hijd87kwcdgbjmvx6kki6-nodejs-25.8.0",
              "default": true
            }
          ],
          "store_path": "/nix/store/szjxi7dmi65hijd87kwcdgbjmvx6kki6-nodejs-25.8.0"
        },
        "x86_64-linux": {
          "outputs": [
            {
              "name": "out",
              "path": "/nix/store/75b4bawmhdmr18w6fpvgcxzcp5vjgwkf-nodejs-25.8.0",
              "default": true
            }
          ],
          "store_path": "/nix/store/75b4bawmhdmr18w6fpvgcxzcp5vjgwkf-nodejs-25.8.0"
        }
      }
    }
  }
}
